
Microsoft Visual Studio Solution File, Format Version 12.00
# Visual Studio 2013
Project("{FAE04EC0-301F-11D3-BF4B-00C04F79EFBC}") = "UnityVS.EnemyManager.CSharp", "UnityVS.EnemyManager.CSharp.csproj", "{C595DF26-D130-DBE4-E5F8-CE4DC9345EE1}"
EndProject
Project("{FAE04EC0-301F-11D3-BF4B-00C04F79EFBC}") = "UnityVS.EnemyManager.CSharp.Editor", "UnityVS.EnemyManager.CSharp.Editor.csproj", "{4D5167D8-A1A7-A18F-C19B-DAFC0FEC2E2F}"
EndProject
Global
	GlobalSection(SolutionConfigurationPlatforms) = preSolution
		Debug|Any CPU = Debug|Any CPU
		Release|Any CPU = Release|Any CPU
	EndGlobalSection
	GlobalSection(ProjectConfigurationPlatforms) = postSolution
		{C595DF26-D130-DBE4-E5F8-CE4DC9345EE1}.Debug|Any CPU.ActiveCfg = Debug|Any CPU
		{C595DF26-D130-DBE4-E5F8-CE4DC9345EE1}.Debug|Any CPU.Build.0 = Debug|Any CPU
		{C595DF26-D130-DBE4-E5F8-CE4DC9345EE1}.Release|Any CPU.ActiveCfg = Release|Any CPU
		{C595DF26-D130-DBE4-E5F8-CE4DC9345EE1}.Release|Any CPU.Build.0 = Release|Any CPU
		{4D5167D8-A1A7-A18F-C19B-DAFC0FEC2E2F}.Debug|Any CPU.ActiveCfg = Debug|Any CPU
		{4D5167D8-A1A7-A18F-C19B-DAFC0FEC2E2F}.Debug|Any CPU.Build.0 = Debug|Any CPU
		{4D5167D8-A1A7-A18F-C19B-DAFC0FEC2E2F}.Release|Any CPU.ActiveCfg = Release|Any CPU
		{4D5167D8-A1A7-A18F-C19B-DAFC0FEC2E2F}.Release|Any CPU.Build.0 = Release|Any CPU
	EndGlobalSection
	GlobalSection(SolutionProperties) = preSolution
		HideSolutionNode = FALSE
	EndGlobalSection
EndGlobal
